
Microsoft Visual Studio Solution File, Format Version 12.00
# Visual Studio 2012
Project("{FAE04EC0-301F-11D3-BF4B-00C04F79EFBC}") = "EjercicioClase19-05", "EjercicioClase19-05\EjercicioClase19-05.csproj", "{BF1854AF-9451-4938-84EA-650DABE40393}"
EndProject
Global
	GlobalSection(SolutionConfigurationPlatforms) = preSolution
		Debug|Any CPU = Debug|Any CPU
		Release|Any CPU = Release|Any CPU
	EndGlobalSection
	GlobalSection(ProjectConfigurationPlatforms) = postSolution
		{BF1854AF-9451-4938-84EA-650DABE40393}.Debug|Any CPU.ActiveCfg = Debug|Any CPU
		{BF1854AF-9451-4938-84EA-650DABE40393}.Debug|Any CPU.Build.0 = Debug|Any CPU
		{BF1854AF-9451-4938-84EA-650DABE40393}.Release|Any CPU.ActiveCfg = Release|Any CPU
		{BF1854AF-9451-4938-84EA-650DABE40393}.Release|Any CPU.Build.0 = Release|Any CPU
	EndGlobalSection
	GlobalSection(SolutionProperties) = preSolution
		HideSolutionNode = FALSE
	EndGlobalSection
EndGlobal
