
Microsoft Visual Studio Solution File, Format Version 12.00
# Visual Studio 2012
Project("{FAE04EC0-301F-11D3-BF4B-00C04F79EFBC}") = "Clase16-05-17", "Clase16-05-17\Clase16-05-17.csproj", "{621623F3-B296-4C32-B374-21D0FE3F4603}"
EndProject
Global
	GlobalSection(SolutionConfigurationPlatforms) = preSolution
		Debug|Any CPU = Debug|Any CPU
		Release|Any CPU = Release|Any CPU
	EndGlobalSection
	GlobalSection(ProjectConfigurationPlatforms) = postSolution
		{621623F3-B296-4C32-B374-21D0FE3F4603}.Debug|Any CPU.ActiveCfg = Debug|Any CPU
		{621623F3-B296-4C32-B374-21D0FE3F4603}.Debug|Any CPU.Build.0 = Debug|Any CPU
		{621623F3-B296-4C32-B374-21D0FE3F4603}.Release|Any CPU.ActiveCfg = Release|Any CPU
		{621623F3-B296-4C32-B374-21D0FE3F4603}.Release|Any CPU.Build.0 = Release|Any CPU
	EndGlobalSection
	GlobalSection(SolutionProperties) = preSolution
		HideSolutionNode = FALSE
	EndGlobalSection
EndGlobal
