
Microsoft Visual Studio Solution File, Format Version 12.00
# Visual Studio 2012
Project("{FAE04EC0-301F-11D3-BF4B-00C04F79EFBC}") = "Clase30-05", "Clase30-05\Clase30-05.csproj", "{708B79B9-1E67-45AC-95F3-1F149D02D79A}"
EndProject
Global
	GlobalSection(SolutionConfigurationPlatforms) = preSolution
		Debug|Any CPU = Debug|Any CPU
		Release|Any CPU = Release|Any CPU
	EndGlobalSection
	GlobalSection(ProjectConfigurationPlatforms) = postSolution
		{708B79B9-1E67-45AC-95F3-1F149D02D79A}.Debug|Any CPU.ActiveCfg = Debug|Any CPU
		{708B79B9-1E67-45AC-95F3-1F149D02D79A}.Debug|Any CPU.Build.0 = Debug|Any CPU
		{708B79B9-1E67-45AC-95F3-1F149D02D79A}.Release|Any CPU.ActiveCfg = Release|Any CPU
		{708B79B9-1E67-45AC-95F3-1F149D02D79A}.Release|Any CPU.Build.0 = Release|Any CPU
	EndGlobalSection
	GlobalSection(SolutionProperties) = preSolution
		HideSolutionNode = FALSE
	EndGlobalSection
EndGlobal
